{
  "name": "nftmarketplace",
  "lockfileVersion": 2,
  "requires": true,
  "packages": {
    "": {
      "dependencies": {
        "nxp": "^0.6.2"
      }
    },
    "node_modules/commander": {
      "version": "2.11.0",
      "resolved": "https://registry.npmjs.org/commander/-/commander-2.11.0.tgz",
      "integrity": "sha512-b0553uYA5YAEGgyYIGYROzKQ7X5RAqedkfjiZxwi0kL1g3bOaBNNZfYkzt/CL0umgD5wc9Jec2FbB98CjkMRvQ=="
    },
    "node_modules/marked": {
      "version": "0.3.19",
      "resolved": "https://registry.npmjs.org/marked/-/marked-0.3.19.tgz",
      "integrity": "sha512-ea2eGWOqNxPcXv8dyERdSr/6FmzvWwzjMxpfGB/sbMccXoct+xY+YukPD+QTUZwyvK7BZwcr4m21WBOW41pAkg==",
      "bin": {
        "marked": "bin/marked"
      },
      "engines": {
        "node": ">=0.10.0"
      }
    },
    "node_modules/nxkit": {
      "version": "0.10.68",
      "resolved": "https://registry.npmjs.org/nxkit/-/nxkit-0.10.68.tgz",
      "integrity": "sha512-mGcbhocQvuAVBMYjM4fzOALbdjnIzJxfJs4nXXsJeI+t1nlZAxiCgIOF8xYn+F2Q1TjbQ0xdSPW00NZBXhuAzQ=="
    },
    "node_modules/nxp": {
      "version": "0.6.2",
      "resolved": "https://registry.npmjs.org/nxp/-/nxp-0.6.2.tgz",
      "integrity": "sha512-L5rrhQCSDXhBtyW1RhUyqTxf6XIgt6MexbDYB2daLvUfqEWbs+uRzc4qfBRStrie5Tt4o851qhNyGz57b0fWsA==",
      "dependencies": {
        "marked": "~0.3.6",
        "nxkit": "~0.10.21",
        "uglify-es": "~3.0.28"
      },
      "bin": {
        "ngui-make": "shell.js",
        "nxmake": "shell.js"
      }
    },
    "node_modules/source-map": {
      "version": "0.5.7",
      "resolved": "https://registry.npmjs.org/source-map/-/source-map-0.5.7.tgz",
      "integrity": "sha1-igOdLRAh0i0eoUyA2OpGi6LvP8w=",
      "engines": {
        "node": ">=0.10.0"
      }
    },
    "node_modules/uglify-es": {
      "version": "3.0.28",
      "resolved": "https://registry.npmjs.org/uglify-es/-/uglify-es-3.0.28.tgz",
      "integrity": "sha512-xw1hJsSp361OO0Sq0XvNyTI2wfQ4eKNljfSYyeYX/dz9lKEDj+DK+A8CzB0NmoCwWX1MnEx9f16HlkKXyG65CQ==",
      "deprecated": "support for ECMAScript is superseded by `uglify-js` as of v3.13.0",
      "dependencies": {
        "commander": "~2.11.0",
        "source-map": "~0.5.1"
      },
      "bin": {
        "uglifyjs": "bin/uglifyjs"
      },
      "engines": {
        "node": ">=0.8.0"
      }
    }
  },
  "dependencies": {
    "commander": {
      "version": "2.11.0",
      "resolved": "https://registry.npmjs.org/commander/-/commander-2.11.0.tgz",
      "integrity": "sha512-b0553uYA5YAEGgyYIGYROzKQ7X5RAqedkfjiZxwi0kL1g3bOaBNNZfYkzt/CL0umgD5wc9Jec2FbB98CjkMRvQ=="
    },
    "marked": {
      "version": "0.3.19",
      "resolved": "https://registry.npmjs.org/marked/-/marked-0.3.19.tgz",
      "integrity": "sha512-ea2eGWOqNxPcXv8dyERdSr/6FmzvWwzjMxpfGB/sbMccXoct+xY+YukPD+QTUZwyvK7BZwcr4m21WBOW41pAkg=="
    },
    "nxkit": {
      "version": "0.10.68",
      "resolved": "https://registry.npmjs.org/nxkit/-/nxkit-0.10.68.tgz",
      "integrity": "sha512-mGcbhocQvuAVBMYjM4fzOALbdjnIzJxfJs4nXXsJeI+t1nlZAxiCgIOF8xYn+F2Q1TjbQ0xdSPW00NZBXhuAzQ=="
    },
    "nxp": {
      "version": "0.6.2",
      "resolved": "https://registry.npmjs.org/nxp/-/nxp-0.6.2.tgz",
      "integrity": "sha512-L5rrhQCSDXhBtyW1RhUyqTxf6XIgt6MexbDYB2daLvUfqEWbs+uRzc4qfBRStrie5Tt4o851qhNyGz57b0fWsA==",
      "requires": {
        "marked": "~0.3.6",
        "nxkit": "~0.10.21",
        "uglify-es": "~3.0.28"
      }
    },
    "source-map": {
      "version": "0.5.7",
      "resolved": "https://registry.npmjs.org/source-map/-/source-map-0.5.7.tgz",
      "integrity": "sha1-igOdLRAh0i0eoUyA2OpGi6LvP8w="
    },
    "uglify-es": {
      "version": "3.0.28",
      "resolved": "https://registry.npmjs.org/uglify-es/-/uglify-es-3.0.28.tgz",
      "integrity": "sha512-xw1hJsSp361OO0Sq0XvNyTI2wfQ4eKNljfSYyeYX/dz9lKEDj+DK+A8CzB0NmoCwWX1MnEx9f16HlkKXyG65CQ==",
      "requires": {
        "commander": "~2.11.0",
        "source-map": "~0.5.1"
      }
    }
  }
}
